PODS:
  - Alamofire (5.4.1)
  - Amplitude (7.2.2)
  - AppsFlyerFramework (6.1.4):
    - AppsFlyerFramework/Main (= 6.1.4)
  - AppsFlyerFramework/Main (6.1.4)
  - Firebase/Analytics (7.5.0):
    - Firebase/Core
  - Firebase/Core (7.5.0):
    - Firebase/CoreOnly
    - FirebaseAnalytics (= 7.5.0)
  - Firebase/CoreOnly (7.5.0):
    - FirebaseCore (= 7.5.0)
  - Firebase/Crashlytics (7.5.0):
    - Firebase/CoreOnly
    - FirebaseCrashlytics (~> 7.5.0)
  - Firebase/RemoteConfig (7.5.0):
    - Firebase/CoreOnly
    - FirebaseRemoteConfig (~> 7.5.0)
  - FirebaseABTesting (7.5.0):
    - FirebaseCore (~> 7.0)
  - FirebaseAnalytics (7.5.0):
    - FirebaseCore (~> 7.0)
    - FirebaseInstallations (~> 7.0)
    - GoogleAppMeasurement (= 7.5.0)
    - GoogleUtilities/AppDelegateSwizzler (~> 7.0)
    - GoogleUtilities/MethodSwizzler (~> 7.0)
    - GoogleUtilities/Network (~> 7.0)
    - "GoogleUtilities/NSData+zlib (~> 7.0)"
    - nanopb (~> 2.30907.0)
  - FirebaseCore (7.5.0):
    - FirebaseCoreDiagnostics (~> 7.4)
    - GoogleUtilities/Environment (~> 7.0)
    - GoogleUtilities/Logger (~> 7.0)
  - FirebaseCoreDiagnostics (7.5.0):
    - GoogleDataTransport (~> 8.0)
    - GoogleUtilities/Environment (~> 7.0)
    - GoogleUtilities/Logger (~> 7.0)
    - nanopb (~> 2.30907.0)
  - FirebaseCrashlytics (7.5.0):
    - FirebaseCore (~> 7.0)
    - FirebaseInstallations (~> 7.0)
    - GoogleDataTransport (~> 8.0)
    - nanopb (~> 2.30907.0)
    - PromisesObjC (~> 1.2)
  - FirebaseInstallations (7.5.0):
    - FirebaseCore (~> 7.0)
    - GoogleUtilities/Environment (~> 7.0)
    - GoogleUtilities/UserDefaults (~> 7.0)
    - PromisesObjC (~> 1.2)
  - FirebaseRemoteConfig (7.5.0):
    - FirebaseABTesting (~> 7.0)
    - FirebaseCore (~> 7.0)
    - FirebaseInstallations (~> 7.0)
    - GoogleUtilities/Environment (~> 7.0)
    - "GoogleUtilities/NSData+zlib (~> 7.0)"
  - GoogleAppMeasurement (7.5.0):
    - GoogleUtilities/AppDelegateSwizzler (~> 7.0)
    - GoogleUtilities/MethodSwizzler (~> 7.0)
    - GoogleUtilities/Network (~> 7.0)
    - "GoogleUtilities/NSData+zlib (~> 7.0)"
    - nanopb (~> 2.30907.0)
  - GoogleDataTransport (8.2.0):
    - nanopb (~> 2.30907.0)
  - GoogleUtilities/AppDelegateSwizzler (7.2.0):
    - GoogleUtilities/Environment
    - GoogleUtilities/Logger
    - GoogleUtilities/Network
  - GoogleUtilities/Environment (7.2.0):
    - PromisesObjC (~> 1.2)
  - GoogleUtilities/Logger (7.2.0):
    - GoogleUtilities/Environment
  - GoogleUtilities/MethodSwizzler (7.2.0):
    - GoogleUtilities/Logger
  - GoogleUtilities/Network (7.2.0):
    - GoogleUtilities/Logger
    - "GoogleUtilities/NSData+zlib"
    - GoogleUtilities/Reachability
  - "GoogleUtilities/NSData+zlib (7.2.0)"
  - GoogleUtilities/Reachability (7.2.0):
    - GoogleUtilities/Logger
  - GoogleUtilities/UserDefaults (7.2.0):
    - GoogleUtilities/Logger
  - Introspect (0.1.2)
  - IQKeyboardManagerSwift (6.5.6)
  - Kingfisher (6.0.1)
  - MBProgressHUD (1.2.0)
  - nanopb (2.30907.0):
    - nanopb/decode (= 2.30907.0)
    - nanopb/encode (= 2.30907.0)
  - nanopb/decode (2.30907.0)
  - nanopb/encode (2.30907.0)
  - PromisesObjC (1.2.12)
  - Purchases (3.10.2):
    - PurchasesCoreSwift (= 3.10.2)
  - PurchasesCoreSwift (3.10.2)
  - SwiftLint (0.42.0)

DEPENDENCIES:
  - Alamofire
  - Amplitude
  - AppsFlyerFramework
  - Firebase/Analytics
  - Firebase/Crashlytics
  - Firebase/RemoteConfig
  - Introspect
  - IQKeyboardManagerSwift
  - Kingfisher (~> 6.0)
  - MBProgressHUD
  - Purchases
  - SwiftLint

SPEC REPOS:
  trunk:
    - Alamofire
    - Amplitude
    - AppsFlyerFramework
    - Firebase
    - FirebaseABTesting
    - FirebaseAnalytics
    - FirebaseCore
    - FirebaseCoreDiagnostics
    - FirebaseCrashlytics
    - FirebaseInstallations
    - FirebaseRemoteConfig
    - GoogleAppMeasurement
    - GoogleDataTransport
    - GoogleUtilities
    - Introspect
    - IQKeyboardManagerSwift
    - Kingfisher
    - MBProgressHUD
    - nanopb
    - PromisesObjC
    - Purchases
    - PurchasesCoreSwift
    - SwiftLint

SPEC CHECKSUMS:
  Alamofire: 2291f7d21ca607c491dd17642e5d40fdcda0e65c
  Amplitude: 517cdc7c485bda64b685174426ecbf17746eb16a
  AppsFlyerFramework: ed1a754b74739bafbcb0d8235d6bc4f0ffe2e0ec
  Firebase: fd5e4d2b756292c6e7ee6faac1eb320225d6e97e
  FirebaseABTesting: e419991eb6e92772b3c0a02fa3a675f59da692f1
  FirebaseAnalytics: 00b7f74571d346ee1ffb9bf0a2e6f2ffff222bcc
  FirebaseCore: 06a2b68af8901f2244eb989419eb89edc3789b4d
  FirebaseCoreDiagnostics: 35685db68b11fe7d19d2d8b557fd7e3a56ac81cc
  FirebaseCrashlytics: 4d77da03c81dedc92cccbefc758f968dccf64b30
  FirebaseInstallations: a46ae59915f0931e18814164849cd0354bea24ed
  FirebaseRemoteConfig: 98dac0952e07858dbd70ad0f26d470eb7fa37ee4
  GoogleAppMeasurement: 65a1071e5f52f63ab03d0a4d814a54fd762d885a
  GoogleDataTransport: 1024b1a4dfbd7a0e92cb20d7e0a6f1fb66b449a4
  GoogleUtilities: d866834472f1324d080496bc67ab3ce5d0d46027
  Introspect: 85a29d2c5ee4d3d15469ad0b75fd8839f3e72674
  IQKeyboardManagerSwift: c7df9d2deb356c04522f5c4b7b6e4ce4d8ed94fe
  Kingfisher: adde87a4f74f6a3845395769354efff593581740
  MBProgressHUD: 3ee5efcc380f6a79a7cc9b363dd669c5e1ae7406
  nanopb: 59221d7f958fb711001e6a449489542d92ae113e
  PromisesObjC: 3113f7f76903778cf4a0586bd1ab89329a0b7b97
  Purchases: 21017feccb2bd2f50c65f690be2ceddf40bf09ce
  PurchasesCoreSwift: db1370f94aab8c9bc64fcf0bafd767d3504a5f95
  SwiftLint: 4fa9579c63416865179bc416f0a92d55f009600d

PODFILE CHECKSUM: 7c8455a81ab3247f44396475320e4165ae8ca7c5

COCOAPODS: 1.10.1
