// !$*UTF8*$!
{
	archiveVersion = 1;
	classes = {
	};
	objectVersion = 51;
	objects = {

/* Begin PBXBuildFile section */
		0EF4168A713E56287FFD7F75 /* Pods_cryptoProfitTests.framework in Frameworks */ = {isa = PBXBuildFile; fileRef = FDD1FE5966A655ED41B8A96E /* Pods_cryptoProfitTests.framework */; };
		4D63A00825C6D38400C849B0 /* HomeView.swift in Sources */ = {isa = PBXBuildFile; fileRef = 4D63A00725C6D38400C849B0 /* HomeView.swift */; };
		4D63A00D25C6D4FC00C849B0 /* CoinMarket.swift in Sources */ = {isa = PBXBuildFile; fileRef = 4D63A00C25C6D4FC00C849B0 /* CoinMarket.swift */; };
		4D63A03325C6E12200C849B0 /* CoinListItem.swift in Sources */ = {isa = PBXBuildFile; fileRef = 4D63A03225C6E12200C849B0 /* CoinListItem.swift */; };
		4D8E65FD25C713AC0051C656 /* UITextFieldExtension.swift in Sources */ = {isa = PBXBuildFile; fileRef = 4D8E65FC25C713AC0051C656 /* UITextFieldExtension.swift */; };
		4D8E660525C713D30051C656 /* UIViewExtension.swift in Sources */ = {isa = PBXBuildFile; fileRef = 4D8E660425C713D30051C656 /* UIViewExtension.swift */; };
		4D8E660A25C729CD0051C656 /* PurchasedCoin.swift in Sources */ = {isa = PBXBuildFile; fileRef = 4D8E660925C729CD0051C656 /* PurchasedCoin.swift */; };
		4D8E660F25C72A720051C656 /* UserDefaultConfig.swift in Sources */ = {isa = PBXBuildFile; fileRef = 4D8E660E25C72A720051C656 /* UserDefaultConfig.swift */; };
		4D8E661825C736130051C656 /* InvestmentListItem.swift in Sources */ = {isa = PBXBuildFile; fileRef = 4D8E661725C736130051C656 /* InvestmentListItem.swift */; };
		4D903C9F25B59C4700B9C251 /* cryptoProfitApp.swift in Sources */ = {isa = PBXBuildFile; fileRef = 4D903C9E25B59C4700B9C251 /* cryptoProfitApp.swift */; };
		4D903CA325B59C4B00B9C251 /* Assets.xcassets in Resources */ = {isa = PBXBuildFile; fileRef = 4D903CA225B59C4B00B9C251 /* Assets.xcassets */; };
		4D903CA625B59C4B00B9C251 /* Preview Assets.xcassets in Resources */ = {isa = PBXBuildFile; fileRef = 4D903CA525B59C4B00B9C251 /* Preview Assets.xcassets */; };
		4D903CB125B59C4B00B9C251 /* cryptoProfitTests.swift in Sources */ = {isa = PBXBuildFile; fileRef = 4D903CB025B59C4B00B9C251 /* cryptoProfitTests.swift */; };
		4D903CBC25B59C4B00B9C251 /* cryptoProfitUITests.swift in Sources */ = {isa = PBXBuildFile; fileRef = 4D903CBB25B59C4B00B9C251 /* cryptoProfitUITests.swift */; };
		4D903CF725B5AE4C00B9C251 /* NetworkManager.swift in Sources */ = {isa = PBXBuildFile; fileRef = 4D903CF625B5AE4C00B9C251 /* NetworkManager.swift */; };
		4D903D7C25B5B65200B9C251 /* CoinPrice.swift in Sources */ = {isa = PBXBuildFile; fileRef = 4D903D7B25B5B65200B9C251 /* CoinPrice.swift */; };
		4D903D8425B5C56100B9C251 /* Endpoint.swift in Sources */ = {isa = PBXBuildFile; fileRef = 4D903D8325B5C56100B9C251 /* Endpoint.swift */; };
		4D903D8925B5CB5100B9C251 /* Coin.swift in Sources */ = {isa = PBXBuildFile; fileRef = 4D903D8825B5CB5100B9C251 /* Coin.swift */; };
		4D908DEA25B70D81001E501C /* CoinView.swift in Sources */ = {isa = PBXBuildFile; fileRef = 4D908DE925B70D81001E501C /* CoinView.swift */; };
		4D908E3725B8E8FF001E501C /* Currency.swift in Sources */ = {isa = PBXBuildFile; fileRef = 4D908E3625B8E8FF001E501C /* Currency.swift */; };
		7E5BB78B6DC1C6EBEA21EC70 /* Pods_cryptoProfit_cryptoProfitUITests.framework in Frameworks */ = {isa = PBXBuildFile; fileRef = 3B121FFBD909C960AE231C73 /* Pods_cryptoProfit_cryptoProfitUITests.framework */; };
		BC117F6E097BE86CAE09AB73 /* Pods_cryptoProfit.framework in Frameworks */ = {isa = PBXBuildFile; fileRef = D3064B54BB4E4827793AA5AB /* Pods_cryptoProfit.framework */; };
/* End PBXBuildFile section */

/* Begin PBXContainerItemProxy section */
		4D903CAD25B59C4B00B9C251 /* PBXContainerItemProxy */ = {
			isa = PBXContainerItemProxy;
			containerPortal = 4D903C9325B59C4700B9C251 /* Project object */;
			proxyType = 1;
			remoteGlobalIDString = 4D903C9A25B59C4700B9C251;
			remoteInfo = cryptoProfit;
		};
		4D903CB825B59C4B00B9C251 /* PBXContainerItemProxy */ = {
			isa = PBXContainerItemProxy;
			containerPortal = 4D903C9325B59C4700B9C251 /* Project object */;
			proxyType = 1;
			remoteGlobalIDString = 4D903C9A25B59C4700B9C251;
			remoteInfo = cryptoProfit;
		};
/* End PBXContainerItemProxy section */

/* Begin PBXFileReference section */
		37765E6141A4F937E3F39941 /* Pods-cryptoProfitTests.release.xcconfig */ = {isa = PBXFileReference; includeInIndex = 1; lastKnownFileType = text.xcconfig; name = "Pods-cryptoProfitTests.release.xcconfig"; path = "Target Support Files/Pods-cryptoProfitTests/Pods-cryptoProfitTests.release.xcconfig"; sourceTree = "<group>"; };
		3A987BF46658C79DEA251085 /* Pods-cryptoProfit.debug.xcconfig */ = {isa = PBXFileReference; includeInIndex = 1; lastKnownFileType = text.xcconfig; name = "Pods-cryptoProfit.debug.xcconfig"; path = "Target Support Files/Pods-cryptoProfit/Pods-cryptoProfit.debug.xcconfig"; sourceTree = "<group>"; };
		3B121FFBD909C960AE231C73 /* Pods_cryptoProfit_cryptoProfitUITests.framework */ = {isa = PBXFileReference; explicitFileType = wrapper.framework; includeInIndex = 0; path = Pods_cryptoProfit_cryptoProfitUITests.framework; sourceTree = BUILT_PRODUCTS_DIR; };
		48E31CBDCAE5DEDF16C418E4 /* Pods-cryptoProfit.release.xcconfig */ = {isa = PBXFileReference; includeInIndex = 1; lastKnownFileType = text.xcconfig; name = "Pods-cryptoProfit.release.xcconfig"; path = "Target Support Files/Pods-cryptoProfit/Pods-cryptoProfit.release.xcconfig"; sourceTree = "<group>"; };
		4D63A00725C6D38400C849B0 /* HomeView.swift */ = {isa = PBXFileReference; lastKnownFileType = sourcecode.swift; path = HomeView.swift; sourceTree = "<group>"; };
		4D63A00C25C6D4FC00C849B0 /* CoinMarket.swift */ = {isa = PBXFileReference; lastKnownFileType = sourcecode.swift; path = CoinMarket.swift; sourceTree = "<group>"; };
		4D63A03225C6E12200C849B0 /* CoinListItem.swift */ = {isa = PBXFileReference; lastKnownFileType = sourcecode.swift; path = CoinListItem.swift; sourceTree = "<group>"; };
		4D8E65FC25C713AC0051C656 /* UITextFieldExtension.swift */ = {isa = PBXFileReference; lastKnownFileType = sourcecode.swift; path = UITextFieldExtension.swift; sourceTree = "<group>"; };
		4D8E660425C713D30051C656 /* UIViewExtension.swift */ = {isa = PBXFileReference; lastKnownFileType = sourcecode.swift; path = UIViewExtension.swift; sourceTree = "<group>"; };
		4D8E660925C729CD0051C656 /* PurchasedCoin.swift */ = {isa = PBXFileReference; lastKnownFileType = sourcecode.swift; path = PurchasedCoin.swift; sourceTree = "<group>"; };
		4D8E660E25C72A720051C656 /* UserDefaultConfig.swift */ = {isa = PBXFileReference; lastKnownFileType = sourcecode.swift; path = UserDefaultConfig.swift; sourceTree = "<group>"; };
		4D8E661725C736130051C656 /* InvestmentListItem.swift */ = {isa = PBXFileReference; lastKnownFileType = sourcecode.swift; path = InvestmentListItem.swift; sourceTree = "<group>"; };
		4D903C9B25B59C4700B9C251 /* cryptoProfit.app */ = {isa = PBXFileReference; explicitFileType = wrapper.application; includeInIndex = 0; path = cryptoProfit.app; sourceTree = BUILT_PRODUCTS_DIR; };
		4D903C9E25B59C4700B9C251 /* cryptoProfitApp.swift */ = {isa = PBXFileReference; lastKnownFileType = sourcecode.swift; path = cryptoProfitApp.swift; sourceTree = "<group>"; };
		4D903CA225B59C4B00B9C251 /* Assets.xcassets */ = {isa = PBXFileReference; lastKnownFileType = folder.assetcatalog; path = Assets.xcassets; sourceTree = "<group>"; };
		4D903CA525B59C4B00B9C251 /* Preview Assets.xcassets */ = {isa = PBXFileReference; lastKnownFileType = folder.assetcatalog; path = "Preview Assets.xcassets"; sourceTree = "<group>"; };
		4D903CA725B59C4B00B9C251 /* Info.plist */ = {isa = PBXFileReference; lastKnownFileType = text.plist.xml; path = Info.plist; sourceTree = "<group>"; };
		4D903CAC25B59C4B00B9C251 /* cryptoProfitTests.xctest */ = {isa = PBXFileReference; explicitFileType = wrapper.cfbundle; includeInIndex = 0; path = cryptoProfitTests.xctest; sourceTree = BUILT_PRODUCTS_DIR; };
		4D903CB025B59C4B00B9C251 /* cryptoProfitTests.swift */ = {isa = PBXFileReference; lastKnownFileType = sourcecode.swift; path = cryptoProfitTests.swift; sourceTree = "<group>"; };
		4D903CB225B59C4B00B9C251 /* Info.plist */ = {isa = PBXFileReference; lastKnownFileType = text.plist.xml; path = Info.plist; sourceTree = "<group>"; };
		4D903CB725B59C4B00B9C251 /* cryptoProfitUITests.xctest */ = {isa = PBXFileReference; explicitFileType = wrapper.cfbundle; includeInIndex = 0; path = cryptoProfitUITests.xctest; sourceTree = BUILT_PRODUCTS_DIR; };
		4D903CBB25B59C4B00B9C251 /* cryptoProfitUITests.swift */ = {isa = PBXFileReference; lastKnownFileType = sourcecode.swift; path = cryptoProfitUITests.swift; sourceTree = "<group>"; };
		4D903CBD25B59C4B00B9C251 /* Info.plist */ = {isa = PBXFileReference; lastKnownFileType = text.plist.xml; path = Info.plist; sourceTree = "<group>"; };
		4D903CF625B5AE4C00B9C251 /* NetworkManager.swift */ = {isa = PBXFileReference; lastKnownFileType = sourcecode.swift; path = NetworkManager.swift; sourceTree = "<group>"; };
		4D903D7B25B5B65200B9C251 /* CoinPrice.swift */ = {isa = PBXFileReference; lastKnownFileType = sourcecode.swift; path = CoinPrice.swift; sourceTree = "<group>"; };
		4D903D8325B5C56100B9C251 /* Endpoint.swift */ = {isa = PBXFileReference; lastKnownFileType = sourcecode.swift; path = Endpoint.swift; sourceTree = "<group>"; };
		4D903D8825B5CB5100B9C251 /* Coin.swift */ = {isa = PBXFileReference; lastKnownFileType = sourcecode.swift; path = Coin.swift; sourceTree = "<group>"; };
		4D908DE925B70D81001E501C /* CoinView.swift */ = {isa = PBXFileReference; lastKnownFileType = sourcecode.swift; path = CoinView.swift; sourceTree = "<group>"; };
		4D908E3625B8E8FF001E501C /* Currency.swift */ = {isa = PBXFileReference; lastKnownFileType = sourcecode.swift; path = Currency.swift; sourceTree = "<group>"; };
		9108810EEBB1724DA1FA6126 /* Pods-cryptoProfit-cryptoProfitUITests.debug.xcconfig */ = {isa = PBXFileReference; includeInIndex = 1; lastKnownFileType = text.xcconfig; name = "Pods-cryptoProfit-cryptoProfitUITests.debug.xcconfig"; path = "Target Support Files/Pods-cryptoProfit-cryptoProfitUITests/Pods-cryptoProfit-cryptoProfitUITests.debug.xcconfig"; sourceTree = "<group>"; };
		A40937F777434FCB678D3FBA /* Pods-cryptoProfit-cryptoProfitUITests.release.xcconfig */ = {isa = PBXFileReference; includeInIndex = 1; lastKnownFileType = text.xcconfig; name = "Pods-cryptoProfit-cryptoProfitUITests.release.xcconfig"; path = "Target Support Files/Pods-cryptoProfit-cryptoProfitUITests/Pods-cryptoProfit-cryptoProfitUITests.release.xcconfig"; sourceTree = "<group>"; };
		D3064B54BB4E4827793AA5AB /* Pods_cryptoProfit.framework */ = {isa = PBXFileReference; explicitFileType = wrapper.framework; includeInIndex = 0; path = Pods_cryptoProfit.framework; sourceTree = BUILT_PRODUCTS_DIR; };
		F2C6C7158254E2F877F5CD5D /* Pods-cryptoProfitTests.debug.xcconfig */ = {isa = PBXFileReference; includeInIndex = 1; lastKnownFileType = text.xcconfig; name = "Pods-cryptoProfitTests.debug.xcconfig"; path = "Target Support Files/Pods-cryptoProfitTests/Pods-cryptoProfitTests.debug.xcconfig"; sourceTree = "<group>"; };
		FDD1FE5966A655ED41B8A96E /* Pods_cryptoProfitTests.framework */ = {isa = PBXFileReference; explicitFileType = wrapper.framework; includeInIndex = 0; path = Pods_cryptoProfitTests.framework; sourceTree = BUILT_PRODUCTS_DIR; };
/* End PBXFileReference section */

/* Begin PBXFrameworksBuildPhase section */
		4D903C9825B59C4700B9C251 /* Frameworks */ = {
			isa = PBXFrameworksBuildPhase;
			buildActionMask = 2147483647;
			files = (
				BC117F6E097BE86CAE09AB73 /* Pods_cryptoProfit.framework in Frameworks */,
			);
			runOnlyForDeploymentPostprocessing = 0;
		};
		4D903CA925B59C4B00B9C251 /* Frameworks */ = {
			isa = PBXFrameworksBuildPhase;
			buildActionMask = 2147483647;
			files = (
				0EF4168A713E56287FFD7F75 /* Pods_cryptoProfitTests.framework in Frameworks */,
			);
			runOnlyForDeploymentPostprocessing = 0;
		};
		4D903CB425B59C4B00B9C251 /* Frameworks */ = {
			isa = PBXFrameworksBuildPhase;
			buildActionMask = 2147483647;
			files = (
				7E5BB78B6DC1C6EBEA21EC70 /* Pods_cryptoProfit_cryptoProfitUITests.framework in Frameworks */,
			);
			runOnlyForDeploymentPostprocessing = 0;
		};
/* End PBXFrameworksBuildPhase section */

/* Begin PBXGroup section */
		3E1253E28F0B730D9032D5CB /* Pods */ = {
			isa = PBXGroup;
			children = (
				3A987BF46658C79DEA251085 /* Pods-cryptoProfit.debug.xcconfig */,
				48E31CBDCAE5DEDF16C418E4 /* Pods-cryptoProfit.release.xcconfig */,
				9108810EEBB1724DA1FA6126 /* Pods-cryptoProfit-cryptoProfitUITests.debug.xcconfig */,
				A40937F777434FCB678D3FBA /* Pods-cryptoProfit-cryptoProfitUITests.release.xcconfig */,
				F2C6C7158254E2F877F5CD5D /* Pods-cryptoProfitTests.debug.xcconfig */,
				37765E6141A4F937E3F39941 /* Pods-cryptoProfitTests.release.xcconfig */,
			);
			path = Pods;
			sourceTree = "<group>";
		};
		4D4C2593920DCE116D79D36D /* Frameworks */ = {
			isa = PBXGroup;
			children = (
				D3064B54BB4E4827793AA5AB /* Pods_cryptoProfit.framework */,
				3B121FFBD909C960AE231C73 /* Pods_cryptoProfit_cryptoProfitUITests.framework */,
				FDD1FE5966A655ED41B8A96E /* Pods_cryptoProfitTests.framework */,
			);
			name = Frameworks;
			sourceTree = "<group>";
		};
		4D63A00325C6D34100C849B0 /* HomeView */ = {
			isa = PBXGroup;
			children = (
				4D63A00725C6D38400C849B0 /* HomeView.swift */,
				4D8E661725C736130051C656 /* InvestmentListItem.swift */,
				4D63A03225C6E12200C849B0 /* CoinListItem.swift */,
			);
			path = HomeView;
			sourceTree = "<group>";
		};
		4D8E661325C732560051C656 /* redundant */ = {
			isa = PBXGroup;
			children = (
				4D903D7B25B5B65200B9C251 /* CoinPrice.swift */,
				4D903D8825B5CB5100B9C251 /* Coin.swift */,
			);
			path = redundant;
			sourceTree = "<group>";
		};
		4D903C9225B59C4700B9C251 = {
			isa = PBXGroup;
			children = (
				4D903C9D25B59C4700B9C251 /* cryptoProfit */,
				4D903CAF25B59C4B00B9C251 /* cryptoProfitTests */,
				4D903CBA25B59C4B00B9C251 /* cryptoProfitUITests */,
				4D903C9C25B59C4700B9C251 /* Products */,
				3E1253E28F0B730D9032D5CB /* Pods */,
				4D4C2593920DCE116D79D36D /* Frameworks */,
			);
			sourceTree = "<group>";
		};
		4D903C9C25B59C4700B9C251 /* Products */ = {
			isa = PBXGroup;
			children = (
				4D903C9B25B59C4700B9C251 /* cryptoProfit.app */,
				4D903CAC25B59C4B00B9C251 /* cryptoProfitTests.xctest */,
				4D903CB725B59C4B00B9C251 /* cryptoProfitUITests.xctest */,
			);
			name = Products;
			sourceTree = "<group>";
		};
		4D903C9D25B59C4700B9C251 /* cryptoProfit */ = {
			isa = PBXGroup;
			children = (
				4D903C9E25B59C4700B9C251 /* cryptoProfitApp.swift */,
				4D903CA225B59C4B00B9C251 /* Assets.xcassets */,
				4D903CA725B59C4B00B9C251 /* Info.plist */,
				4D903D7A25B5B63300B9C251 /* Models */,
				4D903CEC25B5ACAC00B9C251 /* Helpers */,
				4D903CEB25B5AC7300B9C251 /* Extensions */,
				4D903CEA25B5AC6200B9C251 /* Utils */,
				4D903CF525B5AE3400B9C251 /* Network */,
				4D903CE925B5AC5D00B9C251 /* Modules */,
				4D903CA425B59C4B00B9C251 /* Preview Content */,
			);
			path = cryptoProfit;
			sourceTree = "<group>";
		};
		4D903CA425B59C4B00B9C251 /* Preview Content */ = {
			isa = PBXGroup;
			children = (
				4D903CA525B59C4B00B9C251 /* Preview Assets.xcassets */,
			);
			path = "Preview Content";
			sourceTree = "<group>";
		};
		4D903CAF25B59C4B00B9C251 /* cryptoProfitTests */ = {
			isa = PBXGroup;
			children = (
				4D903CB025B59C4B00B9C251 /* cryptoProfitTests.swift */,
				4D903CB225B59C4B00B9C251 /* Info.plist */,
			);
			path = cryptoProfitTests;
			sourceTree = "<group>";
		};
		4D903CBA25B59C4B00B9C251 /* cryptoProfitUITests */ = {
			isa = PBXGroup;
			children = (
				4D903CBB25B59C4B00B9C251 /* cryptoProfitUITests.swift */,
				4D903CBD25B59C4B00B9C251 /* Info.plist */,
			);
			path = cryptoProfitUITests;
			sourceTree = "<group>";
		};
		4D903CE925B5AC5D00B9C251 /* Modules */ = {
			isa = PBXGroup;
			children = (
				4D63A00325C6D34100C849B0 /* HomeView */,
				4D908DEE25B70D89001E501C /* CoinView */,
			);
			path = Modules;
			sourceTree = "<group>";
		};
		4D903CEA25B5AC6200B9C251 /* Utils */ = {
			isa = PBXGroup;
			children = (
				4D8E660E25C72A720051C656 /* UserDefaultConfig.swift */,
			);
			path = Utils;
			sourceTree = "<group>";
		};
		4D903CEB25B5AC7300B9C251 /* Extensions */ = {
			isa = PBXGroup;
			children = (
				4D8E65FC25C713AC0051C656 /* UITextFieldExtension.swift */,
				4D8E660425C713D30051C656 /* UIViewExtension.swift */,
			);
			path = Extensions;
			sourceTree = "<group>";
		};
		4D903CEC25B5ACAC00B9C251 /* Helpers */ = {
			isa = PBXGroup;
			children = (
			);
			path = Helpers;
			sourceTree = "<group>";
		};
		4D903CF525B5AE3400B9C251 /* Network */ = {
			isa = PBXGroup;
			children = (
				4D903CF625B5AE4C00B9C251 /* NetworkManager.swift */,
				4D903D8325B5C56100B9C251 /* Endpoint.swift */,
			);
			path = Network;
			sourceTree = "<group>";
		};
		4D903D7A25B5B63300B9C251 /* Models */ = {
			isa = PBXGroup;
			children = (
				4D63A00C25C6D4FC00C849B0 /* CoinMarket.swift */,
				4D8E660925C729CD0051C656 /* PurchasedCoin.swift */,
				4D8E661325C732560051C656 /* redundant */,
			);
			path = Models;
			sourceTree = "<group>";
		};
		4D908DEE25B70D89001E501C /* CoinView */ = {
			isa = PBXGroup;
			children = (
				4D908DE925B70D81001E501C /* CoinView.swift */,
				4D908E3625B8E8FF001E501C /* Currency.swift */,
			);
			path = CoinView;
			sourceTree = "<group>";
		};
/* End PBXGroup section */

/* Begin PBXNativeTarget section */
		4D903C9A25B59C4700B9C251 /* cryptoProfit */ = {
			isa = PBXNativeTarget;
			buildConfigurationList = 4D903CC025B59C4B00B9C251 /* Build configuration list for PBXNativeTarget "cryptoProfit" */;
			buildPhases = (
				3FDDDDFE118B69DA64507398 /* [CP] Check Pods Manifest.lock */,
				4D903C9725B59C4700B9C251 /* Sources */,
				4D903C9825B59C4700B9C251 /* Frameworks */,
				4D903C9925B59C4700B9C251 /* Resources */,
				894327546FDC4436B56C0523 /* [CP] Embed Pods Frameworks */,
			);
			buildRules = (
			);
			dependencies = (
			);
			name = cryptoProfit;
			productName = cryptoProfit;
			productReference = 4D903C9B25B59C4700B9C251 /* cryptoProfit.app */;
			productType = "com.apple.product-type.application";
		};
		4D903CAB25B59C4B00B9C251 /* cryptoProfitTests */ = {
			isa = PBXNativeTarget;
			buildConfigurationList = 4D903CC325B59C4B00B9C251 /* Build configuration list for PBXNativeTarget "cryptoProfitTests" */;
			buildPhases = (
				58F8E432A05C5EDA8F52F41E /* [CP] Check Pods Manifest.lock */,
				4D903CA825B59C4B00B9C251 /* Sources */,
				4D903CA925B59C4B00B9C251 /* Frameworks */,
				4D903CAA25B59C4B00B9C251 /* Resources */,
			);
			buildRules = (
			);
			dependencies = (
				4D903CAE25B59C4B00B9C251 /* PBXTargetDependency */,
			);
			name = cryptoProfitTests;
			productName = cryptoProfitTests;
			productReference = 4D903CAC25B59C4B00B9C251 /* cryptoProfitTests.xctest */;
			productType = "com.apple.product-type.bundle.unit-test";
		};
		4D903CB625B59C4B00B9C251 /* cryptoProfitUITests */ = {
			isa = PBXNativeTarget;
			buildConfigurationList = 4D903CC625B59C4B00B9C251 /* Build configuration list for PBXNativeTarget "cryptoProfitUITests" */;
			buildPhases = (
				B837BC246D019BB8564DEC03 /* [CP] Check Pods Manifest.lock */,
				4D903CB325B59C4B00B9C251 /* Sources */,
				4D903CB425B59C4B00B9C251 /* Frameworks */,
				4D903CB525B59C4B00B9C251 /* Resources */,
				FCAD9A7AF986CFD07D5878C1 /* [CP] Embed Pods Frameworks */,
			);
			buildRules = (
			);
			dependencies = (
				4D903CB925B59C4B00B9C251 /* PBXTargetDependency */,
			);
			name = cryptoProfitUITests;
			productName = cryptoProfitUITests;
			productReference = 4D903CB725B59C4B00B9C251 /* cryptoProfitUITests.xctest */;
			productType = "com.apple.product-type.bundle.ui-testing";
		};
/* End PBXNativeTarget section */

/* Begin PBXProject section */
		4D903C9325B59C4700B9C251 /* Project object */ = {
			isa = PBXProject;
			attributes = {
				LastSwiftUpdateCheck = 1230;
				LastUpgradeCheck = 1230;
				TargetAttributes = {
					4D903C9A25B59C4700B9C251 = {
						CreatedOnToolsVersion = 12.3;
					};
					4D903CAB25B59C4B00B9C251 = {
						CreatedOnToolsVersion = 12.3;
						TestTargetID = 4D903C9A25B59C4700B9C251;
					};
					4D903CB625B59C4B00B9C251 = {
						CreatedOnToolsVersion = 12.3;
						TestTargetID = 4D903C9A25B59C4700B9C251;
					};
				};
			};
			buildConfigurationList = 4D903C9625B59C4700B9C251 /* Build configuration list for PBXProject "cryptoProfit" */;
			compatibilityVersion = "Xcode 9.3";
			developmentRegion = en;
			hasScannedForEncodings = 0;
			knownRegions = (
				en,
				Base,
			);
			mainGroup = 4D903C9225B59C4700B9C251;
			productRefGroup = 4D903C9C25B59C4700B9C251 /* Products */;
			projectDirPath = "";
			projectRoot = "";
			targets = (
				4D903C9A25B59C4700B9C251 /* cryptoProfit */,
				4D903CAB25B59C4B00B9C251 /* cryptoProfitTests */,
				4D903CB625B59C4B00B9C251 /* cryptoProfitUITests */,
			);
		};
/* End PBXProject section */

/* Begin PBXResourcesBuildPhase section */
		4D903C9925B59C4700B9C251 /* Resources */ = {
			isa = PBXResourcesBuildPhase;
			buildActionMask = 2147483647;
			files = (
				4D903CA625B59C4B00B9C251 /* Preview Assets.xcassets in Resources */,
				4D903CA325B59C4B00B9C251 /* Assets.xcassets in Resources */,
			);
			runOnlyForDeploymentPostprocessing = 0;
		};
		4D903CAA25B59C4B00B9C251 /* Resources */ = {
			isa = PBXResourcesBuildPhase;
			buildActionMask = 2147483647;
			files = (
			);
			runOnlyForDeploymentPostprocessing = 0;
		};
		4D903CB525B59C4B00B9C251 /* Resources */ = {
			isa = PBXResourcesBuildPhase;
			buildActionMask = 2147483647;
			files = (
			);
			runOnlyForDeploymentPostprocessing = 0;
		};
/* End PBXResourcesBuildPhase section */

/* Begin PBXShellScriptBuildPhase section */
		3FDDDDFE118B69DA64507398 /* [CP] Check Pods Manifest.lock */ = {
			isa = PBXShellScriptBuildPhase;
			buildActionMask = 2147483647;
			files = (
			);
			inputFileListPaths = (
			);
			inputPaths = (
				"${PODS_PODFILE_DIR_PATH}/Podfile.lock",
				"${PODS_ROOT}/Manifest.lock",
			);
			name = "[CP] Check Pods Manifest.lock";
			outputFileListPaths = (
			);
			outputPaths = (
				"$(DERIVED_FILE_DIR)/Pods-cryptoProfit-checkManifestLockResult.txt",
			);
			runOnlyForDeploymentPostprocessing = 0;
			shellPath = /bin/sh;
			shellScript = "diff \"${PODS_PODFILE_DIR_PATH}/Podfile.lock\" \"${PODS_ROOT}/Manifest.lock\" > /dev/null\nif [ $? != 0 ] ; then\n    # print error to STDERR\n    echo \"error: The sandbox is not in sync with the Podfile.lock. Run 'pod install' or update your CocoaPods installation.\" >&2\n    exit 1\nfi\n# This output is used by Xcode 'outputs' to avoid re-running this script phase.\necho \"SUCCESS\" > \"${SCRIPT_OUTPUT_FILE_0}\"\n";
			showEnvVarsInLog = 0;
		};
		58F8E432A05C5EDA8F52F41E /* [CP] Check Pods Manifest.lock */ = {
			isa = PBXShellScriptBuildPhase;
			buildActionMask = 2147483647;
			files = (
			);
			inputFileListPaths = (
			);
			inputPaths = (
				"${PODS_PODFILE_DIR_PATH}/Podfile.lock",
				"${PODS_ROOT}/Manifest.lock",
			);
			name = "[CP] Check Pods Manifest.lock";
			outputFileListPaths = (
			);
			outputPaths = (
				"$(DERIVED_FILE_DIR)/Pods-cryptoProfitTests-checkManifestLockResult.txt",
			);
			runOnlyForDeploymentPostprocessing = 0;
			shellPath = /bin/sh;
			shellScript = "diff \"${PODS_PODFILE_DIR_PATH}/Podfile.lock\" \"${PODS_ROOT}/Manifest.lock\" > /dev/null\nif [ $? != 0 ] ; then\n    # print error to STDERR\n    echo \"error: The sandbox is not in sync with the Podfile.lock. Run 'pod install' or update your CocoaPods installation.\" >&2\n    exit 1\nfi\n# This output is used by Xcode 'outputs' to avoid re-running this script phase.\necho \"SUCCESS\" > \"${SCRIPT_OUTPUT_FILE_0}\"\n";
			showEnvVarsInLog = 0;
		};
		894327546FDC4436B56C0523 /* [CP] Embed Pods Frameworks */ = {
			isa = PBXShellScriptBuildPhase;
			buildActionMask = 2147483647;
			files = (
			);
			inputFileListPaths = (
				"${PODS_ROOT}/Target Support Files/Pods-cryptoProfit/Pods-cryptoProfit-frameworks-${CONFIGURATION}-input-files.xcfilelist",
			);
			name = "[CP] Embed Pods Frameworks";
			outputFileListPaths = (
				"${PODS_ROOT}/Target Support Files/Pods-cryptoProfit/Pods-cryptoProfit-frameworks-${CONFIGURATION}-output-files.xcfilelist",
			);
			runOnlyForDeploymentPostprocessing = 0;
			shellPath = /bin/sh;
			shellScript = "\"${PODS_ROOT}/Target Support Files/Pods-cryptoProfit/Pods-cryptoProfit-frameworks.sh\"\n";
			showEnvVarsInLog = 0;
		};
		B837BC246D019BB8564DEC03 /* [CP] Check Pods Manifest.lock */ = {
			isa = PBXShellScriptBuildPhase;
			buildActionMask = 2147483647;
			files = (
			);
			inputFileListPaths = (
			);
			inputPaths = (
				"${PODS_PODFILE_DIR_PATH}/Podfile.lock",
				"${PODS_ROOT}/Manifest.lock",
			);
			name = "[CP] Check Pods Manifest.lock";
			outputFileListPaths = (
			);
			outputPaths = (
				"$(DERIVED_FILE_DIR)/Pods-cryptoProfit-cryptoProfitUITests-checkManifestLockResult.txt",
			);
			runOnlyForDeploymentPostprocessing = 0;
			shellPath = /bin/sh;
			shellScript = "diff \"${PODS_PODFILE_DIR_PATH}/Podfile.lock\" \"${PODS_ROOT}/Manifest.lock\" > /dev/null\nif [ $? != 0 ] ; then\n    # print error to STDERR\n    echo \"error: The sandbox is not in sync with the Podfile.lock. Run 'pod install' or update your CocoaPods installation.\" >&2\n    exit 1\nfi\n# This output is used by Xcode 'outputs' to avoid re-running this script phase.\necho \"SUCCESS\" > \"${SCRIPT_OUTPUT_FILE_0}\"\n";
			showEnvVarsInLog = 0;
		};
		FCAD9A7AF986CFD07D5878C1 /* [CP] Embed Pods Frameworks */ = {
			isa = PBXShellScriptBuildPhase;
			buildActionMask = 2147483647;
			files = (
			);
			inputFileListPaths = (
				"${PODS_ROOT}/Target Support Files/Pods-cryptoProfit-cryptoProfitUITests/Pods-cryptoProfit-cryptoProfitUITests-frameworks-${CONFIGURATION}-input-files.xcfilelist",
			);
			name = "[CP] Embed Pods Frameworks";
			outputFileListPaths = (
				"${PODS_ROOT}/Target Support Files/Pods-cryptoProfit-cryptoProfitUITests/Pods-cryptoProfit-cryptoProfitUITests-frameworks-${CONFIGURATION}-output-files.xcfilelist",
			);
			runOnlyForDeploymentPostprocessing = 0;
			shellPath = /bin/sh;
			shellScript = "\"${PODS_ROOT}/Target Support Files/Pods-cryptoProfit-cryptoProfitUITests/Pods-cryptoProfit-cryptoProfitUITests-frameworks.sh\"\n";
			showEnvVarsInLog = 0;
		};
/* End PBXShellScriptBuildPhase section */

/* Begin PBXSourcesBuildPhase section */
		4D903C9725B59C4700B9C251 /* Sources */ = {
			isa = PBXSourcesBuildPhase;
			buildActionMask = 2147483647;
			files = (
				4D8E660F25C72A720051C656 /* UserDefaultConfig.swift in Sources */,
				4D63A00D25C6D4FC00C849B0 /* CoinMarket.swift in Sources */,
				4D903CF725B5AE4C00B9C251 /* NetworkManager.swift in Sources */,
				4D903D7C25B5B65200B9C251 /* CoinPrice.swift in Sources */,
				4D8E660A25C729CD0051C656 /* PurchasedCoin.swift in Sources */,
				4D903D8425B5C56100B9C251 /* Endpoint.swift in Sources */,
				4D8E65FD25C713AC0051C656 /* UITextFieldExtension.swift in Sources */,
				4D63A03325C6E12200C849B0 /* CoinListItem.swift in Sources */,
				4D63A00825C6D38400C849B0 /* HomeView.swift in Sources */,
				4D908E3725B8E8FF001E501C /* Currency.swift in Sources */,
				4D8E661825C736130051C656 /* InvestmentListItem.swift in Sources */,
				4D8E660525C713D30051C656 /* UIViewExtension.swift in Sources */,
				4D908DEA25B70D81001E501C /* CoinView.swift in Sources */,
				4D903C9F25B59C4700B9C251 /* cryptoProfitApp.swift in Sources */,
				4D903D8925B5CB5100B9C251 /* Coin.swift in Sources */,
			);
			runOnlyForDeploymentPostprocessing = 0;
		};
		4D903CA825B59C4B00B9C251 /* Sources */ = {
			isa = PBXSourcesBuildPhase;
			buildActionMask = 2147483647;
			files = (
				4D903CB125B59C4B00B9C251 /* cryptoProfitTests.swift in Sources */,
			);
			runOnlyForDeploymentPostprocessing = 0;
		};
		4D903CB325B59C4B00B9C251 /* Sources */ = {
			isa = PBXSourcesBuildPhase;
			buildActionMask = 2147483647;
			files = (
				4D903CBC25B59C4B00B9C251 /* cryptoProfitUITests.swift in Sources */,
			);
			runOnlyForDeploymentPostprocessing = 0;
		};
/* End PBXSourcesBuildPhase section */

/* Begin PBXTargetDependency section */
		4D903CAE25B59C4B00B9C251 /* PBXTargetDependency */ = {
			isa = PBXTargetDependency;
			target = 4D903C9A25B59C4700B9C251 /* cryptoProfit */;
			targetProxy = 4D903CAD25B59C4B00B9C251 /* PBXContainerItemProxy */;
		};
		4D903CB925B59C4B00B9C251 /* PBXTargetDependency */ = {
			isa = PBXTargetDependency;
			target = 4D903C9A25B59C4700B9C251 /* cryptoProfit */;
			targetProxy = 4D903CB825B59C4B00B9C251 /* PBXContainerItemProxy */;
		};
/* End PBXTargetDependency section */

/* Begin XCBuildConfiguration section */
		4D903CBE25B59C4B00B9C251 /* Debug */ = {
			isa = XCBuildConfiguration;
			buildSettings = {
				ALWAYS_SEARCH_USER_PATHS = NO;
				CLANG_ANALYZER_NONNULL = YES;
				CLANG_ANALYZER_NUMBER_OBJECT_CONVERSION = YES_AGGRESSIVE;
				CLANG_CXX_LANGUAGE_STANDARD = "gnu++14";
				CLANG_CXX_LIBRARY = "libc++";
				CLANG_ENABLE_MODULES = YES;
				CLANG_ENABLE_OBJC_ARC = YES;
				CLANG_ENABLE_OBJC_WEAK = YES;
				CLANG_WARN_BLOCK_CAPTURE_AUTORELEASING = YES;
				CLANG_WARN_BOOL_CONVERSION = YES;
				CLANG_WARN_COMMA = YES;
				CLANG_WARN_CONSTANT_CONVERSION = YES;
				CLANG_WARN_DEPRECATED_OBJC_IMPLEMENTATIONS = YES;
				CLANG_WARN_DIRECT_OBJC_ISA_USAGE = YES_ERROR;
				CLANG_WARN_DOCUMENTATION_COMMENTS = YES;
				CLANG_WARN_EMPTY_BODY = YES;
				CLANG_WARN_ENUM_CONVERSION = YES;
				CLANG_WARN_INFINITE_RECURSION = YES;
				CLANG_WARN_INT_CONVERSION = YES;
				CLANG_WARN_NON_LITERAL_NULL_CONVERSION = YES;
				CLANG_WARN_OBJC_IMPLICIT_RETAIN_SELF = YES;
				CLANG_WARN_OBJC_LITERAL_CONVERSION = YES;
				CLANG_WARN_OBJC_ROOT_CLASS = YES_ERROR;
				CLANG_WARN_QUOTED_INCLUDE_IN_FRAMEWORK_HEADER = YES;
				CLANG_WARN_RANGE_LOOP_ANALYSIS = YES;
				CLANG_WARN_STRICT_PROTOTYPES = YES;
				CLANG_WARN_SUSPICIOUS_MOVE = YES;
				CLANG_WARN_UNGUARDED_AVAILABILITY = YES_AGGRESSIVE;
				CLANG_WARN_UNREACHABLE_CODE = YES;
				CLANG_WARN__DUPLICATE_METHOD_MATCH = YES;
				COPY_PHASE_STRIP = NO;
				DEBUG_INFORMATION_FORMAT = dwarf;
				ENABLE_STRICT_OBJC_MSGSEND = YES;
				ENABLE_TESTABILITY = YES;
				GCC_C_LANGUAGE_STANDARD = gnu11;
				GCC_DYNAMIC_NO_PIC = NO;
				GCC_NO_COMMON_BLOCKS = YES;
				GCC_OPTIMIZATION_LEVEL = 0;
				GCC_PREPROCESSOR_DEFINITIONS = (
					"DEBUG=1",
					"$(inherited)",
				);
				GCC_WARN_64_TO_32_BIT_CONVERSION = YES;
				GCC_WARN_ABOUT_RETURN_TYPE = YES_ERROR;
				GCC_WARN_UNDECLARED_SELECTOR = YES;
				GCC_WARN_UNINITIALIZED_AUTOS = YES_AGGRESSIVE;
				GCC_WARN_UNUSED_FUNCTION = YES;
				GCC_WARN_UNUSED_VARIABLE = YES;
				IPHONEOS_DEPLOYMENT_TARGET = 14.3;
				MTL_ENABLE_DEBUG_INFO = INCLUDE_SOURCE;
				MTL_FAST_MATH = YES;
				ONLY_ACTIVE_ARCH = YES;
				SDKROOT = iphoneos;
				SWIFT_ACTIVE_COMPILATION_CONDITIONS = DEBUG;
				SWIFT_OPTIMIZATION_LEVEL = "-Onone";
			};
			name = Debug;
		};
		4D903CBF25B59C4B00B9C251 /* Release */ = {
			isa = XCBuildConfiguration;
			buildSettings = {
				ALWAYS_SEARCH_USER_PATHS = NO;
				CLANG_ANALYZER_NONNULL = YES;
				CLANG_ANALYZER_NUMBER_OBJECT_CONVERSION = YES_AGGRESSIVE;
				CLANG_CXX_LANGUAGE_STANDARD = "gnu++14";
				CLANG_CXX_LIBRARY = "libc++";
				CLANG_ENABLE_MODULES = YES;
				CLANG_ENABLE_OBJC_ARC = YES;
				CLANG_ENABLE_OBJC_WEAK = YES;
				CLANG_WARN_BLOCK_CAPTURE_AUTORELEASING = YES;
				CLANG_WARN_BOOL_CONVERSION = YES;
				CLANG_WARN_COMMA = YES;
				CLANG_WARN_CONSTANT_CONVERSION = YES;
				CLANG_WARN_DEPRECATED_OBJC_IMPLEMENTATIONS = YES;
				CLANG_WARN_DIRECT_OBJC_ISA_USAGE = YES_ERROR;
				CLANG_WARN_DOCUMENTATION_COMMENTS = YES;
				CLANG_WARN_EMPTY_BODY = YES;
				CLANG_WARN_ENUM_CONVERSION = YES;
				CLANG_WARN_INFINITE_RECURSION = YES;
				CLANG_WARN_INT_CONVERSION = YES;
				CLANG_WARN_NON_LITERAL_NULL_CONVERSION = YES;
				CLANG_WARN_OBJC_IMPLICIT_RETAIN_SELF = YES;
				CLANG_WARN_OBJC_LITERAL_CONVERSION = YES;
				CLANG_WARN_OBJC_ROOT_CLASS = YES_ERROR;
				CLANG_WARN_QUOTED_INCLUDE_IN_FRAMEWORK_HEADER = YES;
				CLANG_WARN_RANGE_LOOP_ANALYSIS = YES;
				CLANG_WARN_STRICT_PROTOTYPES = YES;
				CLANG_WARN_SUSPICIOUS_MOVE = YES;
				CLANG_WARN_UNGUARDED_AVAILABILITY = YES_AGGRESSIVE;
				CLANG_WARN_UNREACHABLE_CODE = YES;
				CLANG_WARN__DUPLICATE_METHOD_MATCH = YES;
				COPY_PHASE_STRIP = NO;
				DEBUG_INFORMATION_FORMAT = "dwarf-with-dsym";
				ENABLE_NS_ASSERTIONS = NO;
				ENABLE_STRICT_OBJC_MSGSEND = YES;
				GCC_C_LANGUAGE_STANDARD = gnu11;
				GCC_NO_COMMON_BLOCKS = YES;
				GCC_WARN_64_TO_32_BIT_CONVERSION = YES;
				GCC_WARN_ABOUT_RETURN_TYPE = YES_ERROR;
				GCC_WARN_UNDECLARED_SELECTOR = YES;
				GCC_WARN_UNINITIALIZED_AUTOS = YES_AGGRESSIVE;
				GCC_WARN_UNUSED_FUNCTION = YES;
				GCC_WARN_UNUSED_VARIABLE = YES;
				IPHONEOS_DEPLOYMENT_TARGET = 14.3;
				MTL_ENABLE_DEBUG_INFO = NO;
				MTL_FAST_MATH = YES;
				SDKROOT = iphoneos;
				SWIFT_COMPILATION_MODE = wholemodule;
				SWIFT_OPTIMIZATION_LEVEL = "-O";
				VALIDATE_PRODUCT = YES;
			};
			name = Release;
		};
		4D903CC125B59C4B00B9C251 /* Debug */ = {
			isa = XCBuildConfiguration;
			baseConfigurationReference = 3A987BF46658C79DEA251085 /* Pods-cryptoProfit.debug.xcconfig */;
			buildSettings = {
				ASSETCATALOG_COMPILER_APPICON_NAME = AppIcon;
				ASSETCATALOG_COMPILER_GLOBAL_ACCENT_COLOR_NAME = AccentColor;
				CODE_SIGN_STYLE = Automatic;
				DEVELOPMENT_ASSET_PATHS = "\"cryptoProfit/Preview Content\"";
				ENABLE_PREVIEWS = YES;
				INFOPLIST_FILE = cryptoProfit/Info.plist;
				IPHONEOS_DEPLOYMENT_TARGET = 14.0;
				LD_RUNPATH_SEARCH_PATHS = (
					"$(inherited)",
					"@executable_path/Frameworks",
				);
				PRODUCT_BUNDLE_IDENTIFIER = com.SampleProject.musakokcen.cryptoProfit;
				PRODUCT_NAME = "$(TARGET_NAME)";
				SWIFT_VERSION = 5.0;
				TARGETED_DEVICE_FAMILY = "1,2";
			};
			name = Debug;
		};
		4D903CC225B59C4B00B9C251 /* Release */ = {
			isa = XCBuildConfiguration;
			baseConfigurationReference = 48E31CBDCAE5DEDF16C418E4 /* Pods-cryptoProfit.release.xcconfig */;
			buildSettings = {
				ASSETCATALOG_COMPILER_APPICON_NAME = AppIcon;
				ASSETCATALOG_COMPILER_GLOBAL_ACCENT_COLOR_NAME = AccentColor;
				CODE_SIGN_STYLE = Automatic;
				DEVELOPMENT_ASSET_PATHS = "\"cryptoProfit/Preview Content\"";
				ENABLE_PREVIEWS = YES;
				INFOPLIST_FILE = cryptoProfit/Info.plist;
				IPHONEOS_DEPLOYMENT_TARGET = 14.0;
				LD_RUNPATH_SEARCH_PATHS = (
					"$(inherited)",
					"@executable_path/Frameworks",
				);
				PRODUCT_BUNDLE_IDENTIFIER = com.SampleProject.musakokcen.cryptoProfit;
				PRODUCT_NAME = "$(TARGET_NAME)";
				SWIFT_VERSION = 5.0;
				TARGETED_DEVICE_FAMILY = "1,2";
			};
			name = Release;
		};
		4D903CC425B59C4B00B9C251 /* Debug */ = {
			isa = XCBuildConfiguration;
			baseConfigurationReference = F2C6C7158254E2F877F5CD5D /* Pods-cryptoProfitTests.debug.xcconfig */;
			buildSettings = {
				ALWAYS_EMBED_SWIFT_STANDARD_LIBRARIES = YES;
				BUNDLE_LOADER = "$(TEST_HOST)";
				CODE_SIGN_STYLE = Automatic;
				INFOPLIST_FILE = cryptoProfitTests/Info.plist;
				IPHONEOS_DEPLOYMENT_TARGET = 14.0;
				LD_RUNPATH_SEARCH_PATHS = (
					"$(inherited)",
					"@executable_path/Frameworks",
					"@loader_path/Frameworks",
				);
				PRODUCT_BUNDLE_IDENTIFIER = com.SampleProject.musakokcen.cryptoProfitTests;
				PRODUCT_NAME = "$(TARGET_NAME)";
				SWIFT_VERSION = 5.0;
				TARGETED_DEVICE_FAMILY = "1,2";
				TEST_HOST = "$(BUILT_PRODUCTS_DIR)/cryptoProfit.app/cryptoProfit";
			};
			name = Debug;
		};
		4D903CC525B59C4B00B9C251 /* Release */ = {
			isa = XCBuildConfiguration;
			baseConfigurationReference = 37765E6141A4F937E3F39941 /* Pods-cryptoProfitTests.release.xcconfig */;
			buildSettings = {
				ALWAYS_EMBED_SWIFT_STANDARD_LIBRARIES = YES;
				BUNDLE_LOADER = "$(TEST_HOST)";
				CODE_SIGN_STYLE = Automatic;
				INFOPLIST_FILE = cryptoProfitTests/Info.plist;
				IPHONEOS_DEPLOYMENT_TARGET = 14.0;
				LD_RUNPATH_SEARCH_PATHS = (
					"$(inherited)",
					"@executable_path/Frameworks",
					"@loader_path/Frameworks",
				);
				PRODUCT_BUNDLE_IDENTIFIER = com.SampleProject.musakokcen.cryptoProfitTests;
				PRODUCT_NAME = "$(TARGET_NAME)";
				SWIFT_VERSION = 5.0;
				TARGETED_DEVICE_FAMILY = "1,2";
				TEST_HOST = "$(BUILT_PRODUCTS_DIR)/cryptoProfit.app/cryptoProfit";
			};
			name = Release;
		};
		4D903CC725B59C4B00B9C251 /* Debug */ = {
			isa = XCBuildConfiguration;
			baseConfigurationReference = 9108810EEBB1724DA1FA6126 /* Pods-cryptoProfit-cryptoProfitUITests.debug.xcconfig */;
			buildSettings = {
				ALWAYS_EMBED_SWIFT_STANDARD_LIBRARIES = YES;
				CODE_SIGN_STYLE = Automatic;
				INFOPLIST_FILE = cryptoProfitUITests/Info.plist;
				LD_RUNPATH_SEARCH_PATHS = (
					"$(inherited)",
					"@executable_path/Frameworks",
					"@loader_path/Frameworks",
				);
				PRODUCT_BUNDLE_IDENTIFIER = com.SampleProject.musakokcen.cryptoProfitUITests;
				PRODUCT_NAME = "$(TARGET_NAME)";
				SWIFT_VERSION = 5.0;
				TARGETED_DEVICE_FAMILY = "1,2";
				TEST_TARGET_NAME = cryptoProfit;
			};
			name = Debug;
		};
		4D903CC825B59C4B00B9C251 /* Release */ = {
			isa = XCBuildConfiguration;
			baseConfigurationReference = A40937F777434FCB678D3FBA /* Pods-cryptoProfit-cryptoProfitUITests.release.xcconfig */;
			buildSettings = {
				ALWAYS_EMBED_SWIFT_STANDARD_LIBRARIES = YES;
				CODE_SIGN_STYLE = Automatic;
				INFOPLIST_FILE = cryptoProfitUITests/Info.plist;
				LD_RUNPATH_SEARCH_PATHS = (
					"$(inherited)",
					"@executable_path/Frameworks",
					"@loader_path/Frameworks",
				);
				PRODUCT_BUNDLE_IDENTIFIER = com.SampleProject.musakokcen.cryptoProfitUITests;
				PRODUCT_NAME = "$(TARGET_NAME)";
				SWIFT_VERSION = 5.0;
				TARGETED_DEVICE_FAMILY = "1,2";
				TEST_TARGET_NAME = cryptoProfit;
			};
			name = Release;
		};
/* End XCBuildConfiguration section */

/* Begin XCConfigurationList section */
		4D903C9625B59C4700B9C251 /* Build configuration list for PBXProject "cryptoProfit" */ = {
			isa = XCConfigurationList;
			buildConfigurations = (
				4D903CBE25B59C4B00B9C251 /* Debug */,
				4D903CBF25B59C4B00B9C251 /* Release */,
			);
			defaultConfigurationIsVisible = 0;
			defaultConfigurationName = Release;
		};
		4D903CC025B59C4B00B9C251 /* Build configuration list for PBXNativeTarget "cryptoProfit" */ = {
			isa = XCConfigurationList;
			buildConfigurations = (
				4D903CC125B59C4B00B9C251 /* Debug */,
				4D903CC225B59C4B00B9C251 /* Release */,
			);
			defaultConfigurationIsVisible = 0;
			defaultConfigurationName = Release;
		};
		4D903CC325B59C4B00B9C251 /* Build configuration list for PBXNativeTarget "cryptoProfitTests" */ = {
			isa = XCConfigurationList;
			buildConfigurations = (
				4D903CC425B59C4B00B9C251 /* Debug */,
				4D903CC525B59C4B00B9C251 /* Release */,
			);
			defaultConfigurationIsVisible = 0;
			defaultConfigurationName = Release;
		};
		4D903CC625B59C4B00B9C251 /* Build configuration list for PBXNativeTarget "cryptoProfitUITests" */ = {
			isa = XCConfigurationList;
			buildConfigurations = (
				4D903CC725B59C4B00B9C251 /* Debug */,
				4D903CC825B59C4B00B9C251 /* Release */,
			);
			defaultConfigurationIsVisible = 0;
			defaultConfigurationName = Release;
		};
/* End XCConfigurationList section */
	};
	rootObject = 4D903C9325B59C4700B9C251 /* Project object */;
}
